
Microsoft Visual Studio Solution File, Format Version 12.00
# Visual Studio 14
VisualStudioVersion = 14.0.25420.1
MinimumVisualStudioVersion = 10.0.40219.1
Project("{FAE04EC0-301F-11D3-BF4B-00C04F79EFBC}") = "disk-usage", "disk-usage.csproj", "{29822FC3-1AB1-4509-8E49-EF5C32DA0470}"
EndProject
Project("{FAE04EC0-301F-11D3-BF4B-00C04F79EFBC}") = "disk-usage-ui", "..\disk-usage-ui\disk-usage-ui.csproj", "{F8E9A211-6EAD-4C4A-B880-E6F2CA82D60B}"
EndProject
Project("{FAE04EC0-301F-11D3-BF4B-00C04F79EFBC}") = "disk-usage-test", "..\disk-usage-test\disk-usage-test.csproj", "{B9E7A81B-147D-44E1-8BAD-48E48E3E66E8}"
EndProject
Global
	GlobalSection(SolutionConfigurationPlatforms) = preSolution
		Debug Win10 Theme|Any CPU = Debug Win10 Theme|Any CPU
		Debug|Any CPU = Debug|Any CPU
		Release|Any CPU = Release|Any CPU
	EndGlobalSection
	GlobalSection(ProjectConfigurationPlatforms) = postSolution
		{29822FC3-1AB1-4509-8E49-EF5C32DA0470}.Debug Win10 Theme|Any CPU.ActiveCfg = Debug|Any CPU
		{29822FC3-1AB1-4509-8E49-EF5C32DA0470}.Debug Win10 Theme|Any CPU.Build.0 = Debug|Any CPU
		{29822FC3-1AB1-4509-8E49-EF5C32DA0470}.Debug|Any CPU.ActiveCfg = Debug|Any CPU
		{29822FC3-1AB1-4509-8E49-EF5C32DA0470}.Debug|Any CPU.Build.0 = Debug|Any CPU
		{29822FC3-1AB1-4509-8E49-EF5C32DA0470}.Release|Any CPU.ActiveCfg = Release|Any CPU
		{29822FC3-1AB1-4509-8E49-EF5C32DA0470}.Release|Any CPU.Build.0 = Release|Any CPU
		{F8E9A211-6EAD-4C4A-B880-E6F2CA82D60B}.Debug Win10 Theme|Any CPU.ActiveCfg = Debug Win10|Any CPU
		{F8E9A211-6EAD-4C4A-B880-E6F2CA82D60B}.Debug Win10 Theme|Any CPU.Build.0 = Debug Win10|Any CPU
		{F8E9A211-6EAD-4C4A-B880-E6F2CA82D60B}.Debug|Any CPU.ActiveCfg = Debug|Any CPU
		{F8E9A211-6EAD-4C4A-B880-E6F2CA82D60B}.Debug|Any CPU.Build.0 = Debug|Any CPU
		{F8E9A211-6EAD-4C4A-B880-E6F2CA82D60B}.Release|Any CPU.ActiveCfg = Release|Any CPU
		{F8E9A211-6EAD-4C4A-B880-E6F2CA82D60B}.Release|Any CPU.Build.0 = Release|Any CPU
		{B9E7A81B-147D-44E1-8BAD-48E48E3E66E8}.Debug Win10 Theme|Any CPU.ActiveCfg = Debug|Any CPU
		{B9E7A81B-147D-44E1-8BAD-48E48E3E66E8}.Debug Win10 Theme|Any CPU.Build.0 = Debug|Any CPU
		{B9E7A81B-147D-44E1-8BAD-48E48E3E66E8}.Debug|Any CPU.ActiveCfg = Debug|Any CPU
		{B9E7A81B-147D-44E1-8BAD-48E48E3E66E8}.Debug|Any CPU.Build.0 = Debug|Any CPU
		{B9E7A81B-147D-44E1-8BAD-48E48E3E66E8}.Release|Any CPU.ActiveCfg = Release|Any CPU
		{B9E7A81B-147D-44E1-8BAD-48E48E3E66E8}.Release|Any CPU.Build.0 = Release|Any CPU
	EndGlobalSection
	GlobalSection(SolutionProperties) = preSolution
		HideSolutionNode = FALSE
	EndGlobalSection
EndGlobal
